
Microsoft Visual Studio Solution File, Format Version 12.00
# Visual Studio Version 16
VisualStudioVersion = 16.0.29613.14
MinimumVisualStudioVersion = 10.0.40219.1
Project("{F184B08F-C81C-45F6-A57F-5ABD9991F28F}") = "estrutura_repeticao_MATRIX_com_FOR", "estrutura_repeticao_MATRIX_com_FOR\estrutura_repeticao_MATRIX_com_FOR.vbproj", "{E03921E5-F0FA-4D90-ACA9-AB28AB9A9A50}"
EndProject
Global
	GlobalSection(SolutionConfigurationPlatforms) = preSolution
		Debug|Any CPU = Debug|Any CPU
		Release|Any CPU = Release|Any CPU
	EndGlobalSection
	GlobalSection(ProjectConfigurationPlatforms) = postSolution
		{E03921E5-F0FA-4D90-ACA9-AB28AB9A9A50}.Debug|Any CPU.ActiveCfg = Debug|Any CPU
		{E03921E5-F0FA-4D90-ACA9-AB28AB9A9A50}.Debug|Any CPU.Build.0 = Debug|Any CPU
		{E03921E5-F0FA-4D90-ACA9-AB28AB9A9A50}.Release|Any CPU.ActiveCfg = Release|Any CPU
		{E03921E5-F0FA-4D90-ACA9-AB28AB9A9A50}.Release|Any CPU.Build.0 = Release|Any CPU
	EndGlobalSection
	GlobalSection(SolutionProperties) = preSolution
		HideSolutionNode = FALSE
	EndGlobalSection
	GlobalSection(ExtensibilityGlobals) = postSolution
		SolutionGuid = {00A136A0-4B77-41DA-8FCC-DBC429F0EDB7}
	EndGlobalSection
EndGlobal
